
Microsoft Visual Studio Solution File, Format Version 12.00
# Visual Studio 15
VisualStudioVersion = 15.0.28307.2017
MinimumVisualStudioVersion = 10.0.40219.1
Project("{FAE04EC0-301F-11D3-BF4B-00C04F79EFBC}") = "H", "H\H.csproj", "{B015CDBB-F09E-4811-A58B-3D9F97151795}"
EndProject
Global
	GlobalSection(SolutionConfigurationPlatforms) = preSolution
		Debug|Any CPU = Debug|Any CPU
		Release|Any CPU = Release|Any CPU
	EndGlobalSection
	GlobalSection(ProjectConfigurationPlatforms) = postSolution
		{B015CDBB-F09E-4811-A58B-3D9F97151795}.Debug|Any CPU.ActiveCfg = Debug|Any CPU
		{B015CDBB-F09E-4811-A58B-3D9F97151795}.Debug|Any CPU.Build.0 = Debug|Any CPU
		{B015CDBB-F09E-4811-A58B-3D9F97151795}.Release|Any CPU.ActiveCfg = Release|Any CPU
		{B015CDBB-F09E-4811-A58B-3D9F97151795}.Release|Any CPU.Build.0 = Release|Any CPU
	EndGlobalSection
	GlobalSection(SolutionProperties) = preSolution
		HideSolutionNode = FALSE
	EndGlobalSection
	GlobalSection(ExtensibilityGlobals) = postSolution
		SolutionGuid = {13F32D36-7F41-459A-8FC7-1DE8FE369B56}
	EndGlobalSection
EndGlobal
